
Microsoft Visual Studio Solution File, Format Version 12.00
Project("{FAE04EC0-301F-11D3-BF4B-00C04F79EFBC}") = "SteganographyBot", "SteganographyBot\SteganographyBot.csproj", "{6C48FA90-DC58-4FCC-AD4B-6F17EBCA5355}"
EndProject
Global
	GlobalSection(SolutionConfigurationPlatforms) = preSolution
		Debug|Any CPU = Debug|Any CPU
		Release|Any CPU = Release|Any CPU
	EndGlobalSection
	GlobalSection(ProjectConfigurationPlatforms) = postSolution
		{6C48FA90-DC58-4FCC-AD4B-6F17EBCA5355}.Debug|Any CPU.ActiveCfg = Debug|Any CPU
		{6C48FA90-DC58-4FCC-AD4B-6F17EBCA5355}.Debug|Any CPU.Build.0 = Debug|Any CPU
		{6C48FA90-DC58-4FCC-AD4B-6F17EBCA5355}.Release|Any CPU.ActiveCfg = Release|Any CPU
		{6C48FA90-DC58-4FCC-AD4B-6F17EBCA5355}.Release|Any CPU.Build.0 = Release|Any CPU
	EndGlobalSection
EndGlobal
